
Microsoft Visual Studio Solution File, Format Version 10.00
# Visual Studio 2008
Project("{FAE04EC0-301F-11D3-BF4B-00C04F79EFBC}") = "Directory File Hasher", "Directory File Hasher\Directory File Hasher.csproj", "{9E45D0C9-ED98-47D4-B279-01C180EC8FBC}"
EndProject
Global
	GlobalSection(SolutionConfigurationPlatforms) = preSolution
		Debug|Any CPU = Debug|Any CPU
		Release|Any CPU = Release|Any CPU
	EndGlobalSection
	GlobalSection(ProjectConfigurationPlatforms) = postSolution
		{9E45D0C9-ED98-47D4-B279-01C180EC8FBC}.Debug|Any CPU.ActiveCfg = Debug|Any CPU
		{9E45D0C9-ED98-47D4-B279-01C180EC8FBC}.Debug|Any CPU.Build.0 = Debug|Any CPU
		{9E45D0C9-ED98-47D4-B279-01C180EC8FBC}.Release|Any CPU.ActiveCfg = Release|Any CPU
		{9E45D0C9-ED98-47D4-B279-01C180EC8FBC}.Release|Any CPU.Build.0 = Release|Any CPU
	EndGlobalSection
	GlobalSection(SolutionProperties) = preSolution
		HideSolutionNode = FALSE
	EndGlobalSection
EndGlobal
